
Microsoft Visual Studio Solution File, Format Version 12.00
# Visual Studio Version 16
VisualStudioVersion = 16.0.32929.386
MinimumVisualStudioVersion = 10.0.40219.1
Project("{FAE04EC0-301F-11D3-BF4B-00C04F79EFBC}") = "RSAProgram", "RSAProgram\RSAProgram.csproj", "{2D4D5CC1-213B-4247-B87E-B413AEFDB4D4}"
EndProject
Global
	GlobalSection(SolutionConfigurationPlatforms) = preSolution
		Debug|Any CPU = Debug|Any CPU
		Release|Any CPU = Release|Any CPU
	EndGlobalSection
	GlobalSection(ProjectConfigurationPlatforms) = postSolution
		{2D4D5CC1-213B-4247-B87E-B413AEFDB4D4}.Debug|Any CPU.ActiveCfg = Debug|Any CPU
		{2D4D5CC1-213B-4247-B87E-B413AEFDB4D4}.Debug|Any CPU.Build.0 = Debug|Any CPU
		{2D4D5CC1-213B-4247-B87E-B413AEFDB4D4}.Release|Any CPU.ActiveCfg = Release|Any CPU
		{2D4D5CC1-213B-4247-B87E-B413AEFDB4D4}.Release|Any CPU.Build.0 = Release|Any CPU
	EndGlobalSection
	GlobalSection(SolutionProperties) = preSolution
		HideSolutionNode = FALSE
	EndGlobalSection
	GlobalSection(ExtensibilityGlobals) = postSolution
		SolutionGuid = {DB206753-A29D-476F-AC7B-A0F3D0127AA0}
	EndGlobalSection
EndGlobal
